
Microsoft Visual Studio Solution File, Format Version 12.00
# Visual Studio Version 16
VisualStudioVersion = 16.0.30907.101
MinimumVisualStudioVersion = 10.0.40219.1
Project("{FAE04EC0-301F-11D3-BF4B-00C04F79EFBC}") = "1Time", "1Time\1Time.csproj", "{DBFEBA64-B735-4841-BB8F-3F5624C2F22C}"
EndProject
Global
	GlobalSection(SolutionConfigurationPlatforms) = preSolution
		Debug|Any CPU = Debug|Any CPU
		Release|Any CPU = Release|Any CPU
	EndGlobalSection
	GlobalSection(ProjectConfigurationPlatforms) = postSolution
		{DBFEBA64-B735-4841-BB8F-3F5624C2F22C}.Debug|Any CPU.ActiveCfg = Debug|Any CPU
		{DBFEBA64-B735-4841-BB8F-3F5624C2F22C}.Debug|Any CPU.Build.0 = Debug|Any CPU
		{DBFEBA64-B735-4841-BB8F-3F5624C2F22C}.Release|Any CPU.ActiveCfg = Release|Any CPU
		{DBFEBA64-B735-4841-BB8F-3F5624C2F22C}.Release|Any CPU.Build.0 = Release|Any CPU
	EndGlobalSection
	GlobalSection(SolutionProperties) = preSolution
		HideSolutionNode = FALSE
	EndGlobalSection
	GlobalSection(ExtensibilityGlobals) = postSolution
		SolutionGuid = {C6FCC7DA-C8D5-4B4A-90D4-DC96A211F9FA}
	EndGlobalSection
EndGlobal
